
Microsoft Visual Studio Solution File, Format Version 11.00
# Visual Studio 2010
Project("{FAE04EC0-301F-11D3-BF4B-00C04F79EFBC}") = "HelloStackato", "HelloStackato\HelloStackato.csproj", "{FDDF242D-EC96-4B20-8153-34B9BD4CD62B}"
EndProject
Global
	GlobalSection(SolutionConfigurationPlatforms) = preSolution
		Debug|Any CPU = Debug|Any CPU
		Release|Any CPU = Release|Any CPU
	EndGlobalSection
	GlobalSection(ProjectConfigurationPlatforms) = postSolution
		{FDDF242D-EC96-4B20-8153-34B9BD4CD62B}.Debug|Any CPU.ActiveCfg = Debug|Any CPU
		{FDDF242D-EC96-4B20-8153-34B9BD4CD62B}.Debug|Any CPU.Build.0 = Debug|Any CPU
		{FDDF242D-EC96-4B20-8153-34B9BD4CD62B}.Release|Any CPU.ActiveCfg = Release|Any CPU
		{FDDF242D-EC96-4B20-8153-34B9BD4CD62B}.Release|Any CPU.Build.0 = Release|Any CPU
	EndGlobalSection
	GlobalSection(SolutionProperties) = preSolution
		HideSolutionNode = FALSE
	EndGlobalSection
EndGlobal
